{
  "name": "npm-package-provenance-stats",
  "version": "1.0.0",
  "lockfileVersion": 3,
  "requires": true,
  "packages": {
    "": {
      "name": "npm-package-provenance-stats",
      "version": "1.0.0",
      "license": "MIT",
      "dependencies": {
        "download-counts": "^2.20251101.0"
      }
    },
    "node_modules/download-counts": {
      "version": "2.20251101.0",
      "resolved": "https://registry.npmjs.org/download-counts/-/download-counts-2.20251101.0.tgz",
      "integrity": "sha512-ncnKQcJYoOFUEGuKz7qmZv+Q9q+6LJvWlgpHVX2Z1idS06RmSBBu9nXq0DXbbekSGf8GNXHGLeckpTY8UR0XBw==",
      "license": "MIT"
    }
  }
}
