{
  "name": "npm-package-provenance-stats",
  "version": "1.0.0",
  "lockfileVersion": 3,
  "requires": true,
  "packages": {
    "": {
      "name": "npm-package-provenance-stats",
      "version": "1.0.0",
      "license": "MIT",
      "dependencies": {
        "download-counts": "^2.20251001.0"
      }
    },
    "node_modules/download-counts": {
      "version": "2.20251001.0",
      "resolved": "https://registry.npmjs.org/download-counts/-/download-counts-2.20251001.0.tgz",
      "integrity": "sha512-MjCEImMFE2bCdQM9jcx23vKXZcvATkYKXLxLHcqvP3ORGOU3r1NBuNPTnbToz66jU7anp1KySHtgj+OsmVEjvw==",
      "license": "MIT"
    }
  }
}
