{
  "name": "npm-package-provenance-stats",
  "version": "1.0.0",
  "lockfileVersion": 3,
  "requires": true,
  "packages": {
    "": {
      "name": "npm-package-provenance-stats",
      "version": "1.0.0",
      "license": "MIT",
      "dependencies": {
        "download-counts": "^2.20260101.0"
      }
    },
    "node_modules/download-counts": {
      "version": "2.20260101.0",
      "resolved": "https://registry.npmjs.org/download-counts/-/download-counts-2.20260101.0.tgz",
      "integrity": "sha512-WwnL9vsRX1MvvLZov+9kEXQvfl8xrP+VkzeiiaUxfTfonGaBG7TfCzOZ0dKshgGvH9RSkmVaJ+9Qu3dzDbbcBQ==",
      "license": "MIT"
    }
  }
}
